// !$*UTF8*$!
{
	archiveVersion = 1;
	classes = {
	};
	objectVersion = 55;
	objects = {

/* Begin PBXBuildFile section */
		0A07D957284592760080A4ED /* AddProfilePicture.swift in Sources */ = {isa = PBXBuildFile; fileRef = 0A07D956284592760080A4ED /* AddProfilePicture.swift */; };
		0A07D9592847EA180080A4ED /* FirebaseManager.swift in Sources */ = {isa = PBXBuildFile; fileRef = 0A07D9582847EA180080A4ED /* FirebaseManager.swift */; };
		0A07D95B2847F0850080A4ED /* DashboardLogic.swift in Sources */ = {isa = PBXBuildFile; fileRef = 0A07D95A2847F0850080A4ED /* DashboardLogic.swift */; };
		0A07D95D284801260080A4ED /* UserModel.swift in Sources */ = {isa = PBXBuildFile; fileRef = 0A07D95C284801260080A4ED /* UserModel.swift */; };
		0A07D96028480A140080A4ED /* SDWebImageSwiftUI in Frameworks */ = {isa = PBXBuildFile; productRef = 0A07D95F28480A140080A4ED /* SDWebImageSwiftUI */; };
		0A07D96328492E420080A4ED /* SettingsView.swift in Sources */ = {isa = PBXBuildFile; fileRef = 0A07D96228492E420080A4ED /* SettingsView.swift */; };
		0A07D9652849353A0080A4ED /* PersonalSettingsView.swift in Sources */ = {isa = PBXBuildFile; fileRef = 0A07D9642849353A0080A4ED /* PersonalSettingsView.swift */; };
		0A07D969284AA1780080A4ED /* SuccessAlert.swift in Sources */ = {isa = PBXBuildFile; fileRef = 0A07D968284AA1780080A4ED /* SuccessAlert.swift */; };
		0A07D96F284E332D0080A4ED /* SaveRecipeButton.swift in Sources */ = {isa = PBXBuildFile; fileRef = 0A07D96E284E332D0080A4ED /* SaveRecipeButton.swift */; };
		0A0C631727EE10170093692D /* RecipeFullListView.swift in Sources */ = {isa = PBXBuildFile; fileRef = 0A0C631627EE10170093692D /* RecipeFullListView.swift */; };
		0A12639327CE5CD10076876B /* MealEntrys.swift in Sources */ = {isa = PBXBuildFile; fileRef = 0A12639227CE5CD10076876B /* MealEntrys.swift */; };
		0A12639627CEC1200076876B /* FitnessForm.swift in Sources */ = {isa = PBXBuildFile; fileRef = 0A12639527CEC1200076876B /* FitnessForm.swift */; };
		0A3B9B0F27FFDC4000EC631A /* MealBelongButtons.swift in Sources */ = {isa = PBXBuildFile; fileRef = 0A3B9B0E27FFDC4000EC631A /* MealBelongButtons.swift */; };
		0A3B9B1127FFDF5A00EC631A /* UserAddingFood.swift in Sources */ = {isa = PBXBuildFile; fileRef = 0A3B9B1027FFDF5A00EC631A /* UserAddingFood.swift */; };
		0A3B9B132808AD2B00EC631A /* emptyview.swift in Sources */ = {isa = PBXBuildFile; fileRef = 0A3B9B122808AD2B00EC631A /* emptyview.swift */; };
		0A3B9B152808DD6300EC631A /* RemoveZeroFromDouble.swift in Sources */ = {isa = PBXBuildFile; fileRef = 0A3B9B142808DD6300EC631A /* RemoveZeroFromDouble.swift */; };
		0A3B9B172808DFAE00EC631A /* CapitalFirstLetter.swift in Sources */ = {isa = PBXBuildFile; fileRef = 0A3B9B162808DFAE00EC631A /* CapitalFirstLetter.swift */; };
		0A3B9B19280BEC9D00EC631A /* DecodingJSON.swift in Sources */ = {isa = PBXBuildFile; fileRef = 0A3B9B18280BEC9D00EC631A /* DecodingJSON.swift */; };
		0A3B9B1B280FA94F00EC631A /* FoodData.swift in Sources */ = {isa = PBXBuildFile; fileRef = 0A3B9B1A280FA94F00EC631A /* FoodData.swift */; };
		0A3B9B232813550900EC631A /* MealTimingSelectorView.swift in Sources */ = {isa = PBXBuildFile; fileRef = 0A3B9B222813550800EC631A /* MealTimingSelectorView.swift */; };
		0A3B9B252815DAD000EC631A /* NutrionalPieChart.swift in Sources */ = {isa = PBXBuildFile; fileRef = 0A3B9B242815DAD000EC631A /* NutrionalPieChart.swift */; };
		0A3B9B2728162DE800EC631A /* NutrionalPieChartView.swift in Sources */ = {isa = PBXBuildFile; fileRef = 0A3B9B2628162DE800EC631A /* NutrionalPieChartView.swift */; };
		0A3B9B2928163E2F00EC631A /* PieChartHelperRows.swift in Sources */ = {isa = PBXBuildFile; fileRef = 0A3B9B2828163E2F00EC631A /* PieChartHelperRows.swift */; };
		0A3FF73427F230F500789FD0 /* GetFoodApi.swift in Sources */ = {isa = PBXBuildFile; fileRef = 0A3FF73327F230F500789FD0 /* GetFoodApi.swift */; };
		0A53020727E2DF1B00B8D261 /* RecipeListModel.swift in Sources */ = {isa = PBXBuildFile; fileRef = 0A53020627E2DF1B00B8D261 /* RecipeListModel.swift */; };
		0A53020927E430FB00B8D261 /* RecipeListView.swift in Sources */ = {isa = PBXBuildFile; fileRef = 0A53020827E430FB00B8D261 /* RecipeListView.swift */; };
		0A53020D27E8005E00B8D261 /* RecipeDashHeader.swift in Sources */ = {isa = PBXBuildFile; fileRef = 0A53020C27E8005E00B8D261 /* RecipeDashHeader.swift */; };
		0A53020F27E8E0F100B8D261 /* RecipeDirections.swift in Sources */ = {isa = PBXBuildFile; fileRef = 0A53020E27E8E0F100B8D261 /* RecipeDirections.swift */; };
		0A53021127E8EFAD00B8D261 /* FlexibleSheet.swift in Sources */ = {isa = PBXBuildFile; fileRef = 0A53021027E8EFAD00B8D261 /* FlexibleSheet.swift */; };
		0A53021327E8F01700B8D261 /* RecipeNavigationModals.swift in Sources */ = {isa = PBXBuildFile; fileRef = 0A53021227E8F01700B8D261 /* RecipeNavigationModals.swift */; };
		0A5B49AB282370CF0051A20B /* UserDashboardView.swift in Sources */ = {isa = PBXBuildFile; fileRef = 0A5B49AA282370CF0051A20B /* UserDashboardView.swift */; };
		0A5E691227C4AE2600ACB6A5 /* FoodSearchResultsView.swift in Sources */ = {isa = PBXBuildFile; fileRef = 0A5E691127C4AE2600ACB6A5 /* FoodSearchResultsView.swift */; };
		0A5E691427C5F97900ACB6A5 /* DailyMacrosCounter.swift in Sources */ = {isa = PBXBuildFile; fileRef = 0A5E691327C5F97900ACB6A5 /* DailyMacrosCounter.swift */; };
		0A5E691627CC5C1D00ACB6A5 /* MacroView.swift in Sources */ = {isa = PBXBuildFile; fileRef = 0A5E691527CC5C1D00ACB6A5 /* MacroView.swift */; };
		0A6534D627DF8A1A00A50FB8 /* UserDashController.swift in Sources */ = {isa = PBXBuildFile; fileRef = 0A6534D527DF8A1A00A50FB8 /* UserDashController.swift */; };
		0A6534D827E021C100A50FB8 /* AddToolbar.swift in Sources */ = {isa = PBXBuildFile; fileRef = 0A6534D727E021C100A50FB8 /* AddToolbar.swift */; };
		0A6534DA27E0D3F400A50FB8 /* RecipeController.swift in Sources */ = {isa = PBXBuildFile; fileRef = 0A6534D927E0D3F400A50FB8 /* RecipeController.swift */; };
		0A6534DD27E1220500A50FB8 /* RecipeEntryPicture.swift in Sources */ = {isa = PBXBuildFile; fileRef = 0A6534DC27E1220500A50FB8 /* RecipeEntryPicture.swift */; };
		0A6534DF27E1230600A50FB8 /* Recipe Ingredients.swift in Sources */ = {isa = PBXBuildFile; fileRef = 0A6534DE27E1230600A50FB8 /* Recipe Ingredients.swift */; };
		0A6A687A283C61700047CFB9 /* GoogleService-Info.plist in Resources */ = {isa = PBXBuildFile; fileRef = 0A6A6879283C61700047CFB9 /* GoogleService-Info.plist */; };
		0A6A687C283C84DC0047CFB9 /* SignUpController.swift in Sources */ = {isa = PBXBuildFile; fileRef = 0A6A687B283C84DC0047CFB9 /* SignUpController.swift */; };
		0A6A687F284577210047CFB9 /* FirebaseAuth in Frameworks */ = {isa = PBXBuildFile; productRef = 0A6A687E284577210047CFB9 /* FirebaseAuth */; };
		0A6A6881284577210047CFB9 /* FirebaseFirestore in Frameworks */ = {isa = PBXBuildFile; productRef = 0A6A6880284577210047CFB9 /* FirebaseFirestore */; };
		0A6A6883284577210047CFB9 /* FirebaseStorage in Frameworks */ = {isa = PBXBuildFile; productRef = 0A6A6882284577210047CFB9 /* FirebaseStorage */; };
		0A70A8BB27F8BC0900318780 /* Search_Food_Model.swift in Sources */ = {isa = PBXBuildFile; fileRef = 0A70A8BA27F8BC0900318780 /* Search_Food_Model.swift */; };
		0A70A8BD27FA8B8300318780 /* FoodItemView.swift in Sources */ = {isa = PBXBuildFile; fileRef = 0A70A8BC27FA8B8300318780 /* FoodItemView.swift */; };
		0A8D8063282573680055021A /* FollowingListView.swift in Sources */ = {isa = PBXBuildFile; fileRef = 0A8D8062282573680055021A /* FollowingListView.swift */; };
		0A8D80662825D19C0055021A /* FollowingListRow.swift in Sources */ = {isa = PBXBuildFile; fileRef = 0A8D80652825D19C0055021A /* FollowingListRow.swift */; };
		0A8D80682826CBF60055021A /* RecipeEditor.swift in Sources */ = {isa = PBXBuildFile; fileRef = 0A8D80672826CBF60055021A /* RecipeEditor.swift */; };
		0A8D806B2826CE380055021A /* ReditorPopUp.swift in Sources */ = {isa = PBXBuildFile; fileRef = 0A8D806A2826CE380055021A /* ReditorPopUp.swift */; };
		0A8D806D28296AA90055021A /* RecipeFullListRow.swift in Sources */ = {isa = PBXBuildFile; fileRef = 0A8D806C28296AA90055021A /* RecipeFullListRow.swift */; };
		0A8D806F28298E860055021A /* RecipeEditorImage.swift in Sources */ = {isa = PBXBuildFile; fileRef = 0A8D806E28298E860055021A /* RecipeEditorImage.swift */; };
		0A8D8071282998700055021A /* RecipeImagePicker.swift in Sources */ = {isa = PBXBuildFile; fileRef = 0A8D8070282998700055021A /* RecipeImagePicker.swift */; };
		0A8D8073282A15280055021A /* RecipeEditorView.swift in Sources */ = {isa = PBXBuildFile; fileRef = 0A8D8072282A15280055021A /* RecipeEditorView.swift */; };
		0A8D8075282A28CB0055021A /* FlexibleSheetPicker.swift in Sources */ = {isa = PBXBuildFile; fileRef = 0A8D8074282A28CB0055021A /* FlexibleSheetPicker.swift */; };
		0A8D8077282A2AEE0055021A /* IngredientsPicker.swift in Sources */ = {isa = PBXBuildFile; fileRef = 0A8D8076282A2AEE0055021A /* IngredientsPicker.swift */; };
		0A8D957027B57A1B00193B84 /* UserAccountVerification.swift in Sources */ = {isa = PBXBuildFile; fileRef = 0A8D956F27B57A1B00193B84 /* UserAccountVerification.swift */; };
		0A8D957627B6E42700193B84 /* hideKeyboard.swift in Sources */ = {isa = PBXBuildFile; fileRef = 0A8D957527B6E42700193B84 /* hideKeyboard.swift */; };
		0A8D957B27B7216400193B84 /* keyboardResponder.swift in Sources */ = {isa = PBXBuildFile; fileRef = 0A8D957A27B7216400193B84 /* keyboardResponder.swift */; };
		0A8D957F27B9626700193B84 /* ProfilePicture.swift in Sources */ = {isa = PBXBuildFile; fileRef = 0A8D957E27B9626700193B84 /* ProfilePicture.swift */; };
		0A8D958527BAB24700193B84 /* FollowUserButton.swift in Sources */ = {isa = PBXBuildFile; fileRef = 0A8D958427BAB24700193B84 /* FollowUserButton.swift */; };
		0A8F98E127AB09AE008F5584 /* MealJournalApp.swift in Sources */ = {isa = PBXBuildFile; fileRef = 0A8F98E027AB09AE008F5584 /* MealJournalApp.swift */; };
		0A8F98E327AB09AE008F5584 /* ContentView.swift in Sources */ = {isa = PBXBuildFile; fileRef = 0A8F98E227AB09AE008F5584 /* ContentView.swift */; };
		0A8F98E527AB09AE008F5584 /* Assets.xcassets in Resources */ = {isa = PBXBuildFile; fileRef = 0A8F98E427AB09AE008F5584 /* Assets.xcassets */; };
		0A8F98E827AB09AE008F5584 /* Preview Assets.xcassets in Resources */ = {isa = PBXBuildFile; fileRef = 0A8F98E727AB09AE008F5584 /* Preview Assets.xcassets */; };
		0A8F98F227AB09AE008F5584 /* MealJournalTests.swift in Sources */ = {isa = PBXBuildFile; fileRef = 0A8F98F127AB09AE008F5584 /* MealJournalTests.swift */; };
		0A8F98FC27AB09AE008F5584 /* MealJournalUITests.swift in Sources */ = {isa = PBXBuildFile; fileRef = 0A8F98FB27AB09AE008F5584 /* MealJournalUITests.swift */; };
		0A8F98FE27AB09AE008F5584 /* MealJournalUITestsLaunchTests.swift in Sources */ = {isa = PBXBuildFile; fileRef = 0A8F98FD27AB09AE008F5584 /* MealJournalUITestsLaunchTests.swift */; };
		0A8F990B27AB0B92008F5584 /* CreateAccount.swift in Sources */ = {isa = PBXBuildFile; fileRef = 0A8F990A27AB0B92008F5584 /* CreateAccount.swift */; };
		0A8F990E27AB0F01008F5584 /* LandingPage.swift in Sources */ = {isa = PBXBuildFile; fileRef = 0A8F990D27AB0F01008F5584 /* LandingPage.swift */; };
		0A95BB92284EDEF30020C7B2 /* RecipeModel.swift in Sources */ = {isa = PBXBuildFile; fileRef = 0A95BB91284EDEF30020C7B2 /* RecipeModel.swift */; };
		0A9A055327B2E6E100CAD66B /* Login.swift in Sources */ = {isa = PBXBuildFile; fileRef = 0A9A055227B2E6E100CAD66B /* Login.swift */; };
		0A9FC9C627DD50ED0008D0CD /* SubscriptionPopOut.swift in Sources */ = {isa = PBXBuildFile; fileRef = 0A9FC9C527DD50ED0008D0CD /* SubscriptionPopOut.swift */; };
		0AA11757281A3ABD0024FECE /* ServingUnitPicker.swift in Sources */ = {isa = PBXBuildFile; fileRef = 0AA11756281A3ABD0024FECE /* ServingUnitPicker.swift */; };
		0AA11759282031400024FECE /* WholeNFractionPicker.swift in Sources */ = {isa = PBXBuildFile; fileRef = 0AA11758282031400024FECE /* WholeNFractionPicker.swift */; };
		0AAE15AD282D8C5300B9B85A /* RecipeEditModals.swift in Sources */ = {isa = PBXBuildFile; fileRef = 0AAE15AC282D8C5300B9B85A /* RecipeEditModals.swift */; };
		0AAE15AF282D9DFE00B9B85A /* RecipeEditorIngredients.swift in Sources */ = {isa = PBXBuildFile; fileRef = 0AAE15AE282D9DFE00B9B85A /* RecipeEditorIngredients.swift */; };
		0AAE15B1282DA34900B9B85A /* EditorIngredients.swift in Sources */ = {isa = PBXBuildFile; fileRef = 0AAE15B0282DA34900B9B85A /* EditorIngredients.swift */; };
		0AAE15B3282DA3E400B9B85A /* EditorDirections.swift in Sources */ = {isa = PBXBuildFile; fileRef = 0AAE15B2282DA3E400B9B85A /* EditorDirections.swift */; };
		0AC04221282C38AC00009684 /* FoodItemInputs.swift in Sources */ = {isa = PBXBuildFile; fileRef = 0AC04220282C38AC00009684 /* FoodItemInputs.swift */; };
		0AC1B77427D298720070895D /* GetWeight.swift in Sources */ = {isa = PBXBuildFile; fileRef = 0AC1B77327D298720070895D /* GetWeight.swift */; };
		0AC1B7B527D7F2EB0070895D /* DataController.swift in Sources */ = {isa = PBXBuildFile; fileRef = 0AC1B7B427D7F2EB0070895D /* DataController.swift */; };
		0AC1B7BB27D8F5430070895D /* UserData.xcdatamodeld in Sources */ = {isa = PBXBuildFile; fileRef = 0AC1B7B927D8F5430070895D /* UserData.xcdatamodeld */; };
		0AE0DB8B27BC1823006F1835 /* JournalEntryMain.swift in Sources */ = {isa = PBXBuildFile; fileRef = 0AE0DB8A27BC1823006F1835 /* JournalEntryMain.swift */; };
		0AE0DB8E27BC1E03006F1835 /* EntryModel.swift in Sources */ = {isa = PBXBuildFile; fileRef = 0AE0DB8D27BC1E02006F1835 /* EntryModel.swift */; };
		0AE0DB9027BD5041006F1835 /* EntryRow.swift in Sources */ = {isa = PBXBuildFile; fileRef = 0AE0DB8F27BD5041006F1835 /* EntryRow.swift */; };
		0AE0DB9627C21124006F1835 /* MealSearchBar.swift in Sources */ = {isa = PBXBuildFile; fileRef = 0AE0DB9527C21124006F1835 /* MealSearchBar.swift */; };
		5050F8938CF760902C7FCD67 /* Pods_MealJournal.framework in Frameworks */ = {isa = PBXBuildFile; fileRef = C25B5864F41EB32D84F3D2A4 /* Pods_MealJournal.framework */; };
		5C242788565D140AA76C5810 /* Pods_MealJournalTests.framework in Frameworks */ = {isa = PBXBuildFile; fileRef = 511F702D98851A0528626E1B /* Pods_MealJournalTests.framework */; };
		7A39380DA3EB5586909D0B1F /* Pods_MealJournal_MealJournalUITests.framework in Frameworks */ = {isa = PBXBuildFile; fileRef = 2FB9401F219CF3C3DD2C591D /* Pods_MealJournal_MealJournalUITests.framework */; };
/* End PBXBuildFile section */

/* Begin PBXContainerItemProxy section */
		0A8F98EE27AB09AE008F5584 /* PBXContainerItemProxy */ = {
			isa = PBXContainerItemProxy;
			containerPortal = 0A8F98D527AB09AE008F5584 /* Project object */;
			proxyType = 1;
			remoteGlobalIDString = 0A8F98DC27AB09AE008F5584;
			remoteInfo = MealJournal;
		};
		0A8F98F827AB09AE008F5584 /* PBXContainerItemProxy */ = {
			isa = PBXContainerItemProxy;
			containerPortal = 0A8F98D527AB09AE008F5584 /* Project object */;
			proxyType = 1;
			remoteGlobalIDString = 0A8F98DC27AB09AE008F5584;
			remoteInfo = MealJournal;
		};
/* End PBXContainerItemProxy section */

/* Begin PBXFileReference section */
		0A07D956284592760080A4ED /* AddProfilePicture.swift */ = {isa = PBXFileReference; lastKnownFileType = sourcecode.swift; path = AddProfilePicture.swift; sourceTree = "<group>"; };
		0A07D9582847EA180080A4ED /* FirebaseManager.swift */ = {isa = PBXFileReference; lastKnownFileType = sourcecode.swift; path = FirebaseManager.swift; sourceTree = "<group>"; };
		0A07D95A2847F0850080A4ED /* DashboardLogic.swift */ = {isa = PBXFileReference; lastKnownFileType = sourcecode.swift; path = DashboardLogic.swift; sourceTree = "<group>"; };
		0A07D95C284801260080A4ED /* UserModel.swift */ = {isa = PBXFileReference; lastKnownFileType = sourcecode.swift; path = UserModel.swift; sourceTree = "<group>"; };
		0A07D96228492E420080A4ED /* SettingsView.swift */ = {isa = PBXFileReference; lastKnownFileType = sourcecode.swift; path = SettingsView.swift; sourceTree = "<group>"; };
		0A07D9642849353A0080A4ED /* PersonalSettingsView.swift */ = {isa = PBXFileReference; lastKnownFileType = sourcecode.swift; path = PersonalSettingsView.swift; sourceTree = "<group>"; };
		0A07D968284AA1780080A4ED /* SuccessAlert.swift */ = {isa = PBXFileReference; lastKnownFileType = sourcecode.swift; path = SuccessAlert.swift; sourceTree = "<group>"; };
		0A07D96E284E332D0080A4ED /* SaveRecipeButton.swift */ = {isa = PBXFileReference; lastKnownFileType = sourcecode.swift; path = SaveRecipeButton.swift; sourceTree = "<group>"; };
		0A0C631627EE10170093692D /* RecipeFullListView.swift */ = {isa = PBXFileReference; lastKnownFileType = sourcecode.swift; path = RecipeFullListView.swift; sourceTree = "<group>"; };
		0A12639227CE5CD10076876B /* MealEntrys.swift */ = {isa = PBXFileReference; lastKnownFileType = sourcecode.swift; path = MealEntrys.swift; sourceTree = "<group>"; };
		0A12639527CEC1200076876B /* FitnessForm.swift */ = {isa = PBXFileReference; lastKnownFileType = sourcecode.swift; path = FitnessForm.swift; sourceTree = "<group>"; };
		0A3B9B0E27FFDC4000EC631A /* MealBelongButtons.swift */ = {isa = PBXFileReference; lastKnownFileType = sourcecode.swift; path = MealBelongButtons.swift; sourceTree = "<group>"; };
		0A3B9B1027FFDF5A00EC631A /* UserAddingFood.swift */ = {isa = PBXFileReference; lastKnownFileType = sourcecode.swift; path = UserAddingFood.swift; sourceTree = "<group>"; };
		0A3B9B122808AD2B00EC631A /* emptyview.swift */ = {isa = PBXFileReference; lastKnownFileType = sourcecode.swift; path = emptyview.swift; sourceTree = "<group>"; };
		0A3B9B142808DD6300EC631A /* RemoveZeroFromDouble.swift */ = {isa = PBXFileReference; lastKnownFileType = sourcecode.swift; path = RemoveZeroFromDouble.swift; sourceTree = "<group>"; };
		0A3B9B162808DFAE00EC631A /* CapitalFirstLetter.swift */ = {isa = PBXFileReference; lastKnownFileType = sourcecode.swift; path = CapitalFirstLetter.swift; sourceTree = "<group>"; };
		0A3B9B18280BEC9D00EC631A /* DecodingJSON.swift */ = {isa = PBXFileReference; lastKnownFileType = sourcecode.swift; path = DecodingJSON.swift; sourceTree = "<group>"; };
		0A3B9B1A280FA94F00EC631A /* FoodData.swift */ = {isa = PBXFileReference; lastKnownFileType = sourcecode.swift; path = FoodData.swift; sourceTree = "<group>"; };
		0A3B9B222813550800EC631A /* MealTimingSelectorView.swift */ = {isa = PBXFileReference; lastKnownFileType = sourcecode.swift; path = MealTimingSelectorView.swift; sourceTree = "<group>"; };
		0A3B9B242815DAD000EC631A /* NutrionalPieChart.swift */ = {isa = PBXFileReference; lastKnownFileType = sourcecode.swift; path = NutrionalPieChart.swift; sourceTree = "<group>"; };
		0A3B9B2628162DE800EC631A /* NutrionalPieChartView.swift */ = {isa = PBXFileReference; lastKnownFileType = sourcecode.swift; path = NutrionalPieChartView.swift; sourceTree = "<group>"; };
		0A3B9B2828163E2F00EC631A /* PieChartHelperRows.swift */ = {isa = PBXFileReference; lastKnownFileType = sourcecode.swift; path = PieChartHelperRows.swift; sourceTree = "<group>"; };
		0A3FF73327F230F500789FD0 /* GetFoodApi.swift */ = {isa = PBXFileReference; lastKnownFileType = sourcecode.swift; path = GetFoodApi.swift; sourceTree = "<group>"; };
		0A53020627E2DF1B00B8D261 /* RecipeListModel.swift */ = {isa = PBXFileReference; lastKnownFileType = sourcecode.swift; path = RecipeListModel.swift; sourceTree = "<group>"; };
		0A53020827E430FB00B8D261 /* RecipeListView.swift */ = {isa = PBXFileReference; lastKnownFileType = sourcecode.swift; path = RecipeListView.swift; sourceTree = "<group>"; };
		0A53020C27E8005E00B8D261 /* RecipeDashHeader.swift */ = {isa = PBXFileReference; lastKnownFileType = sourcecode.swift; path = RecipeDashHeader.swift; sourceTree = "<group>"; };
		0A53020E27E8E0F100B8D261 /* RecipeDirections.swift */ = {isa = PBXFileReference; lastKnownFileType = sourcecode.swift; path = RecipeDirections.swift; sourceTree = "<group>"; };
		0A53021027E8EFAD00B8D261 /* FlexibleSheet.swift */ = {isa = PBXFileReference; lastKnownFileType = sourcecode.swift; path = FlexibleSheet.swift; sourceTree = "<group>"; };
		0A53021227E8F01700B8D261 /* RecipeNavigationModals.swift */ = {isa = PBXFileReference; lastKnownFileType = sourcecode.swift; path = RecipeNavigationModals.swift; sourceTree = "<group>"; };
		0A5B49AA282370CF0051A20B /* UserDashboardView.swift */ = {isa = PBXFileReference; lastKnownFileType = sourcecode.swift; path = UserDashboardView.swift; sourceTree = "<group>"; };
		0A5E691127C4AE2600ACB6A5 /* FoodSearchResultsView.swift */ = {isa = PBXFileReference; lastKnownFileType = sourcecode.swift; path = FoodSearchResultsView.swift; sourceTree = "<group>"; };
		0A5E691327C5F97900ACB6A5 /* DailyMacrosCounter.swift */ = {isa = PBXFileReference; lastKnownFileType = sourcecode.swift; path = DailyMacrosCounter.swift; sourceTree = "<group>"; };
		0A5E691527CC5C1D00ACB6A5 /* MacroView.swift */ = {isa = PBXFileReference; lastKnownFileType = sourcecode.swift; path = MacroView.swift; sourceTree = "<group>"; };
		0A6534D527DF8A1A00A50FB8 /* UserDashController.swift */ = {isa = PBXFileReference; lastKnownFileType = sourcecode.swift; path = UserDashController.swift; sourceTree = "<group>"; };
		0A6534D727E021C100A50FB8 /* AddToolbar.swift */ = {isa = PBXFileReference; lastKnownFileType = sourcecode.swift; path = AddToolbar.swift; sourceTree = "<group>"; };
		0A6534D927E0D3F400A50FB8 /* RecipeController.swift */ = {isa = PBXFileReference; lastKnownFileType = sourcecode.swift; path = RecipeController.swift; sourceTree = "<group>"; };
		0A6534DC27E1220500A50FB8 /* RecipeEntryPicture.swift */ = {isa = PBXFileReference; lastKnownFileType = sourcecode.swift; path = RecipeEntryPicture.swift; sourceTree = "<group>"; };
		0A6534DE27E1230600A50FB8 /* Recipe Ingredients.swift */ = {isa = PBXFileReference; lastKnownFileType = sourcecode.swift; path = "Recipe Ingredients.swift"; sourceTree = "<group>"; };
		0A6A6879283C61700047CFB9 /* GoogleService-Info.plist */ = {isa = PBXFileReference; fileEncoding = 4; lastKnownFileType = text.plist.xml; path = "GoogleService-Info.plist"; sourceTree = "<group>"; };
		0A6A687B283C84DC0047CFB9 /* SignUpController.swift */ = {isa = PBXFileReference; lastKnownFileType = sourcecode.swift; path = SignUpController.swift; sourceTree = "<group>"; };
		0A70A8BA27F8BC0900318780 /* Search_Food_Model.swift */ = {isa = PBXFileReference; lastKnownFileType = sourcecode.swift; path = Search_Food_Model.swift; sourceTree = "<group>"; };
		0A70A8BC27FA8B8300318780 /* FoodItemView.swift */ = {isa = PBXFileReference; lastKnownFileType = sourcecode.swift; path = FoodItemView.swift; sourceTree = "<group>"; };
		0A8D8062282573680055021A /* FollowingListView.swift */ = {isa = PBXFileReference; lastKnownFileType = sourcecode.swift; name = FollowingListView.swift; path = MealJournal/Views/Dashboard/Following/FollowingListView.swift; sourceTree = SOURCE_ROOT; };
		0A8D80652825D19C0055021A /* FollowingListRow.swift */ = {isa = PBXFileReference; lastKnownFileType = sourcecode.swift; path = FollowingListRow.swift; sourceTree = "<group>"; };
		0A8D80672826CBF60055021A /* RecipeEditor.swift */ = {isa = PBXFileReference; lastKnownFileType = sourcecode.swift; path = RecipeEditor.swift; sourceTree = "<group>"; };
		0A8D806A2826CE380055021A /* ReditorPopUp.swift */ = {isa = PBXFileReference; lastKnownFileType = sourcecode.swift; path = ReditorPopUp.swift; sourceTree = "<group>"; };
		0A8D806C28296AA90055021A /* RecipeFullListRow.swift */ = {isa = PBXFileReference; lastKnownFileType = sourcecode.swift; path = RecipeFullListRow.swift; sourceTree = "<group>"; };
		0A8D806E28298E860055021A /* RecipeEditorImage.swift */ = {isa = PBXFileReference; lastKnownFileType = sourcecode.swift; path = RecipeEditorImage.swift; sourceTree = "<group>"; };
		0A8D8070282998700055021A /* RecipeImagePicker.swift */ = {isa = PBXFileReference; lastKnownFileType = sourcecode.swift; path = RecipeImagePicker.swift; sourceTree = "<group>"; };
		0A8D8072282A15280055021A /* RecipeEditorView.swift */ = {isa = PBXFileReference; lastKnownFileType = sourcecode.swift; path = RecipeEditorView.swift; sourceTree = "<group>"; };
		0A8D8074282A28CB0055021A /* FlexibleSheetPicker.swift */ = {isa = PBXFileReference; lastKnownFileType = sourcecode.swift; path = FlexibleSheetPicker.swift; sourceTree = "<group>"; };
		0A8D8076282A2AEE0055021A /* IngredientsPicker.swift */ = {isa = PBXFileReference; lastKnownFileType = sourcecode.swift; path = IngredientsPicker.swift; sourceTree = "<group>"; };
		0A8D956F27B57A1B00193B84 /* UserAccountVerification.swift */ = {isa = PBXFileReference; lastKnownFileType = sourcecode.swift; path = UserAccountVerification.swift; sourceTree = "<group>"; };
		0A8D957527B6E42700193B84 /* hideKeyboard.swift */ = {isa = PBXFileReference; lastKnownFileType = sourcecode.swift; path = hideKeyboard.swift; sourceTree = "<group>"; };
		0A8D957A27B7216400193B84 /* keyboardResponder.swift */ = {isa = PBXFileReference; lastKnownFileType = sourcecode.swift; path = keyboardResponder.swift; sourceTree = "<group>"; };
		0A8D957E27B9626700193B84 /* ProfilePicture.swift */ = {isa = PBXFileReference; lastKnownFileType = sourcecode.swift; path = ProfilePicture.swift; sourceTree = "<group>"; };
		0A8D958427BAB24700193B84 /* FollowUserButton.swift */ = {isa = PBXFileReference; lastKnownFileType = sourcecode.swift; path = FollowUserButton.swift; sourceTree = "<group>"; };
		0A8F98DD27AB09AE008F5584 /* MealJournal.app */ = {isa = PBXFileReference; explicitFileType = wrapper.application; includeInIndex = 0; path = MealJournal.app; sourceTree = BUILT_PRODUCTS_DIR; };
		0A8F98E027AB09AE008F5584 /* MealJournalApp.swift */ = {isa = PBXFileReference; lastKnownFileType = sourcecode.swift; path = MealJournalApp.swift; sourceTree = "<group>"; };
		0A8F98E227AB09AE008F5584 /* ContentView.swift */ = {isa = PBXFileReference; lastKnownFileType = sourcecode.swift; path = ContentView.swift; sourceTree = "<group>"; };
		0A8F98E427AB09AE008F5584 /* Assets.xcassets */ = {isa = PBXFileReference; lastKnownFileType = folder.assetcatalog; path = Assets.xcassets; sourceTree = "<group>"; };
		0A8F98E727AB09AE008F5584 /* Preview Assets.xcassets */ = {isa = PBXFileReference; lastKnownFileType = folder.assetcatalog; path = "Preview Assets.xcassets"; sourceTree = "<group>"; };
		0A8F98ED27AB09AE008F5584 /* MealJournalTests.xctest */ = {isa = PBXFileReference; explicitFileType = wrapper.cfbundle; includeInIndex = 0; path = MealJournalTests.xctest; sourceTree = BUILT_PRODUCTS_DIR; };
		0A8F98F127AB09AE008F5584 /* MealJournalTests.swift */ = {isa = PBXFileReference; lastKnownFileType = sourcecode.swift; path = MealJournalTests.swift; sourceTree = "<group>"; };
		0A8F98F727AB09AE008F5584 /* MealJournalUITests.xctest */ = {isa = PBXFileReference; explicitFileType = wrapper.cfbundle; includeInIndex = 0; path = MealJournalUITests.xctest; sourceTree = BUILT_PRODUCTS_DIR; };
		0A8F98FB27AB09AE008F5584 /* MealJournalUITests.swift */ = {isa = PBXFileReference; lastKnownFileType = sourcecode.swift; path = MealJournalUITests.swift; sourceTree = "<group>"; };
		0A8F98FD27AB09AE008F5584 /* MealJournalUITestsLaunchTests.swift */ = {isa = PBXFileReference; lastKnownFileType = sourcecode.swift; path = MealJournalUITestsLaunchTests.swift; sourceTree = "<group>"; };
		0A8F990A27AB0B92008F5584 /* CreateAccount.swift */ = {isa = PBXFileReference; lastKnownFileType = sourcecode.swift; path = CreateAccount.swift; sourceTree = "<group>"; };
		0A8F990D27AB0F01008F5584 /* LandingPage.swift */ = {isa = PBXFileReference; lastKnownFileType = sourcecode.swift; path = LandingPage.swift; sourceTree = "<group>"; };
		0A95BB91284EDEF30020C7B2 /* RecipeModel.swift */ = {isa = PBXFileReference; lastKnownFileType = sourcecode.swift; path = RecipeModel.swift; sourceTree = "<group>"; };
		0A9A055227B2E6E100CAD66B /* Login.swift */ = {isa = PBXFileReference; lastKnownFileType = sourcecode.swift; path = Login.swift; sourceTree = "<group>"; };
		0A9FC9C527DD50ED0008D0CD /* SubscriptionPopOut.swift */ = {isa = PBXFileReference; lastKnownFileType = sourcecode.swift; path = SubscriptionPopOut.swift; sourceTree = "<group>"; };
		0AA11756281A3ABD0024FECE /* ServingUnitPicker.swift */ = {isa = PBXFileReference; lastKnownFileType = sourcecode.swift; path = ServingUnitPicker.swift; sourceTree = "<group>"; };
		0AA11758282031400024FECE /* WholeNFractionPicker.swift */ = {isa = PBXFileReference; lastKnownFileType = sourcecode.swift; path = WholeNFractionPicker.swift; sourceTree = "<group>"; };
		0AAE15AC282D8C5300B9B85A /* RecipeEditModals.swift */ = {isa = PBXFileReference; lastKnownFileType = sourcecode.swift; path = RecipeEditModals.swift; sourceTree = "<group>"; };
		0AAE15AE282D9DFE00B9B85A /* RecipeEditorIngredients.swift */ = {isa = PBXFileReference; lastKnownFileType = sourcecode.swift; path = RecipeEditorIngredients.swift; sourceTree = "<group>"; };
		0AAE15B0282DA34900B9B85A /* EditorIngredients.swift */ = {isa = PBXFileReference; lastKnownFileType = sourcecode.swift; path = EditorIngredients.swift; sourceTree = "<group>"; };
		0AAE15B2282DA3E400B9B85A /* EditorDirections.swift */ = {isa = PBXFileReference; lastKnownFileType = sourcecode.swift; path = EditorDirections.swift; sourceTree = "<group>"; };
		0AC04220282C38AC00009684 /* FoodItemInputs.swift */ = {isa = PBXFileReference; lastKnownFileType = sourcecode.swift; path = FoodItemInputs.swift; sourceTree = "<group>"; };
		0AC1B77327D298720070895D /* GetWeight.swift */ = {isa = PBXFileReference; lastKnownFileType = sourcecode.swift; path = GetWeight.swift; sourceTree = "<group>"; };
		0AC1B7B427D7F2EB0070895D /* DataController.swift */ = {isa = PBXFileReference; lastKnownFileType = sourcecode.swift; path = DataController.swift; sourceTree = "<group>"; };
		0AC1B7BA27D8F5430070895D /* Users.xcdatamodel */ = {isa = PBXFileReference; lastKnownFileType = wrapper.xcdatamodel; path = Users.xcdatamodel; sourceTree = "<group>"; };
		0AE0DB8A27BC1823006F1835 /* JournalEntryMain.swift */ = {isa = PBXFileReference; lastKnownFileType = sourcecode.swift; path = JournalEntryMain.swift; sourceTree = "<group>"; };
		0AE0DB8D27BC1E02006F1835 /* EntryModel.swift */ = {isa = PBXFileReference; lastKnownFileType = sourcecode.swift; path = EntryModel.swift; sourceTree = "<group>"; };
		0AE0DB8F27BD5041006F1835 /* EntryRow.swift */ = {isa = PBXFileReference; lastKnownFileType = sourcecode.swift; path = EntryRow.swift; sourceTree = "<group>"; };
		0AE0DB9527C21124006F1835 /* MealSearchBar.swift */ = {isa = PBXFileReference; lastKnownFileType = sourcecode.swift; path = MealSearchBar.swift; sourceTree = "<group>"; };
		2FB9401F219CF3C3DD2C591D /* Pods_MealJournal_MealJournalUITests.framework */ = {isa = PBXFileReference; explicitFileType = wrapper.framework; includeInIndex = 0; path = Pods_MealJournal_MealJournalUITests.framework; sourceTree = BUILT_PRODUCTS_DIR; };
		3DC83A24A7217B78C4DFECF2 /* Pods-MealJournalTests.release.xcconfig */ = {isa = PBXFileReference; includeInIndex = 1; lastKnownFileType = text.xcconfig; name = "Pods-MealJournalTests.release.xcconfig"; path = "Target Support Files/Pods-MealJournalTests/Pods-MealJournalTests.release.xcconfig"; sourceTree = "<group>"; };
		511F702D98851A0528626E1B /* Pods_MealJournalTests.framework */ = {isa = PBXFileReference; explicitFileType = wrapper.framework; includeInIndex = 0; path = Pods_MealJournalTests.framework; sourceTree = BUILT_PRODUCTS_DIR; };
		90A168E2D5DB83FF208BF303 /* Pods-MealJournal-MealJournalUITests.release.xcconfig */ = {isa = PBXFileReference; includeInIndex = 1; lastKnownFileType = text.xcconfig; name = "Pods-MealJournal-MealJournalUITests.release.xcconfig"; path = "Target Support Files/Pods-MealJournal-MealJournalUITests/Pods-MealJournal-MealJournalUITests.release.xcconfig"; sourceTree = "<group>"; };
		9ECDEFFE75C35781005879CF /* Pods-MealJournal-MealJournalUITests.debug.xcconfig */ = {isa = PBXFileReference; includeInIndex = 1; lastKnownFileType = text.xcconfig; name = "Pods-MealJournal-MealJournalUITests.debug.xcconfig"; path = "Target Support Files/Pods-MealJournal-MealJournalUITests/Pods-MealJournal-MealJournalUITests.debug.xcconfig"; sourceTree = "<group>"; };
		C25B5864F41EB32D84F3D2A4 /* Pods_MealJournal.framework */ = {isa = PBXFileReference; explicitFileType = wrapper.framework; includeInIndex = 0; path = Pods_MealJournal.framework; sourceTree = BUILT_PRODUCTS_DIR; };
		D2EE83CFFA4B1DA207C72BE7 /* Pods-MealJournal.debug.xcconfig */ = {isa = PBXFileReference; includeInIndex = 1; lastKnownFileType = text.xcconfig; name = "Pods-MealJournal.debug.xcconfig"; path = "Target Support Files/Pods-MealJournal/Pods-MealJournal.debug.xcconfig"; sourceTree = "<group>"; };
		D755DF68E85AE186D5183129 /* Pods-MealJournalTests.debug.xcconfig */ = {isa = PBXFileReference; includeInIndex = 1; lastKnownFileType = text.xcconfig; name = "Pods-MealJournalTests.debug.xcconfig"; path = "Target Support Files/Pods-MealJournalTests/Pods-MealJournalTests.debug.xcconfig"; sourceTree = "<group>"; };
		DEC7C9D974C8712525F5AE8D /* Pods-MealJournal.release.xcconfig */ = {isa = PBXFileReference; includeInIndex = 1; lastKnownFileType = text.xcconfig; name = "Pods-MealJournal.release.xcconfig"; path = "Target Support Files/Pods-MealJournal/Pods-MealJournal.release.xcconfig"; sourceTree = "<group>"; };
/* End PBXFileReference section */

/* Begin PBXFrameworksBuildPhase section */
		0A8F98DA27AB09AE008F5584 /* Frameworks */ = {
			isa = PBXFrameworksBuildPhase;
			buildActionMask = 2147483647;
			files = (
				0A07D96028480A140080A4ED /* SDWebImageSwiftUI in Frameworks */,
				5050F8938CF760902C7FCD67 /* Pods_MealJournal.framework in Frameworks */,
				0A6A6883284577210047CFB9 /* FirebaseStorage in Frameworks */,
				0A6A687F284577210047CFB9 /* FirebaseAuth in Frameworks */,
				0A6A6881284577210047CFB9 /* FirebaseFirestore in Frameworks */,
			);
			runOnlyForDeploymentPostprocessing = 0;
		};
		0A8F98EA27AB09AE008F5584 /* Frameworks */ = {
			isa = PBXFrameworksBuildPhase;
			buildActionMask = 2147483647;
			files = (
				5C242788565D140AA76C5810 /* Pods_MealJournalTests.framework in Frameworks */,
			);
			runOnlyForDeploymentPostprocessing = 0;
		};
		0A8F98F427AB09AE008F5584 /* Frameworks */ = {
			isa = PBXFrameworksBuildPhase;
			buildActionMask = 2147483647;
			files = (
				7A39380DA3EB5586909D0B1F /* Pods_MealJournal_MealJournalUITests.framework in Frameworks */,
			);
			runOnlyForDeploymentPostprocessing = 0;
		};
/* End PBXFrameworksBuildPhase section */

/* Begin PBXGroup section */
		0A07D96128492DA80080A4ED /* Settings */ = {
			isa = PBXGroup;
			children = (
				0A07D96228492E420080A4ED /* SettingsView.swift */,
				0A07D9642849353A0080A4ED /* PersonalSettingsView.swift */,
				0A07D968284AA1780080A4ED /* SuccessAlert.swift */,
			);
			path = Settings;
			sourceTree = "<group>";
		};
		0A12639427CE5D720076876B /* LandingPage */ = {
			isa = PBXGroup;
			children = (
				0A8D956F27B57A1B00193B84 /* UserAccountVerification.swift */,
				0A6A687B283C84DC0047CFB9 /* SignUpController.swift */,
				0A8F98E227AB09AE008F5584 /* ContentView.swift */,
				0A8F990D27AB0F01008F5584 /* LandingPage.swift */,
				0A9A055227B2E6E100CAD66B /* Login.swift */,
				0A8F990A27AB0B92008F5584 /* CreateAccount.swift */,
				0A12639527CEC1200076876B /* FitnessForm.swift */,
				0A6A6879283C61700047CFB9 /* GoogleService-Info.plist */,
			);
			path = LandingPage;
			sourceTree = "<group>";
		};
		0A3FF73527F2313B00789FD0 /* Network */ = {
			isa = PBXGroup;
			children = (
				0A3FF73327F230F500789FD0 /* GetFoodApi.swift */,
				0A70A8BA27F8BC0900318780 /* Search_Food_Model.swift */,
				0A3B9B1A280FA94F00EC631A /* FoodData.swift */,
			);
			path = Network;
			sourceTree = "<group>";
		};
		0A6534DB27E121D400A50FB8 /* Recipes */ = {
			isa = PBXGroup;
			children = (
				0A8D80692826CBFC0055021A /* Editor */,
				0A6534D927E0D3F400A50FB8 /* RecipeController.swift */,
				0A53021227E8F01700B8D261 /* RecipeNavigationModals.swift */,
				0A53020C27E8005E00B8D261 /* RecipeDashHeader.swift */,
				0A53020827E430FB00B8D261 /* RecipeListView.swift */,
				0A3B9B122808AD2B00EC631A /* emptyview.swift */,
				0A0C631627EE10170093692D /* RecipeFullListView.swift */,
				0A8D806C28296AA90055021A /* RecipeFullListRow.swift */,
				0A6534DE27E1230600A50FB8 /* Recipe Ingredients.swift */,
				0A53020E27E8E0F100B8D261 /* RecipeDirections.swift */,
				0A6534DC27E1220500A50FB8 /* RecipeEntryPicture.swift */,
			);
			path = Recipes;
			sourceTree = "<group>";
		};
		0A70A8BE27FA8B8B00318780 /* FoodItemMain */ = {
			isa = PBXGroup;
			children = (
				0A70A8BC27FA8B8300318780 /* FoodItemView.swift */,
				0AC04220282C38AC00009684 /* FoodItemInputs.swift */,
				0AA11758282031400024FECE /* WholeNFractionPicker.swift */,
				0AA11756281A3ABD0024FECE /* ServingUnitPicker.swift */,
				0A3B9B242815DAD000EC631A /* NutrionalPieChart.swift */,
				0A3B9B2628162DE800EC631A /* NutrionalPieChartView.swift */,
				0A3B9B2828163E2F00EC631A /* PieChartHelperRows.swift */,
			);
			path = FoodItemMain;
			sourceTree = "<group>";
		};
		0A8D80642825737E0055021A /* Following */ = {
			isa = PBXGroup;
			children = (
				0A8D8062282573680055021A /* FollowingListView.swift */,
				0A8D80652825D19C0055021A /* FollowingListRow.swift */,
			);
			path = Following;
			sourceTree = "<group>";
		};
		0A8D80692826CBFC0055021A /* Editor */ = {
			isa = PBXGroup;
			children = (
				0A8D80672826CBF60055021A /* RecipeEditor.swift */,
				0A8D8072282A15280055021A /* RecipeEditorView.swift */,
				0A8D8076282A2AEE0055021A /* IngredientsPicker.swift */,
				0A8D806E28298E860055021A /* RecipeEditorImage.swift */,
				0A8D8070282998700055021A /* RecipeImagePicker.swift */,
				0A8D806A2826CE380055021A /* ReditorPopUp.swift */,
				0AAE15AC282D8C5300B9B85A /* RecipeEditModals.swift */,
				0AAE15AE282D9DFE00B9B85A /* RecipeEditorIngredients.swift */,
				0AAE15B0282DA34900B9B85A /* EditorIngredients.swift */,
				0AAE15B2282DA3E400B9B85A /* EditorDirections.swift */,
				0A07D96E284E332D0080A4ED /* SaveRecipeButton.swift */,
			);
			path = Editor;
			sourceTree = "<group>";
		};
		0A8D957427B6E41400193B84 /* Utilities */ = {
			isa = PBXGroup;
			children = (
				0A53021027E8EFAD00B8D261 /* FlexibleSheet.swift */,
				0A8D8074282A28CB0055021A /* FlexibleSheetPicker.swift */,
				0A8D957527B6E42700193B84 /* hideKeyboard.swift */,
				0A8D957A27B7216400193B84 /* keyboardResponder.swift */,
				0AC1B77327D298720070895D /* GetWeight.swift */,
				0A3B9B142808DD6300EC631A /* RemoveZeroFromDouble.swift */,
				0A3B9B162808DFAE00EC631A /* CapitalFirstLetter.swift */,
				0A3B9B18280BEC9D00EC631A /* DecodingJSON.swift */,
				0A07D9582847EA180080A4ED /* FirebaseManager.swift */,
			);
			path = Utilities;
			sourceTree = "<group>";
		};
		0A8D957727B7199F00193B84 /* Dashboard */ = {
			isa = PBXGroup;
			children = (
				0A5B49AA282370CF0051A20B /* UserDashboardView.swift */,
				0A6534D527DF8A1A00A50FB8 /* UserDashController.swift */,
				0A07D95A2847F0850080A4ED /* DashboardLogic.swift */,
				0A07D956284592760080A4ED /* AddProfilePicture.swift */,
				0A8D958427BAB24700193B84 /* FollowUserButton.swift */,
				0A8D957E27B9626700193B84 /* ProfilePicture.swift */,
				0A9FC9C527DD50ED0008D0CD /* SubscriptionPopOut.swift */,
				0A6534D727E021C100A50FB8 /* AddToolbar.swift */,
				0A8D80642825737E0055021A /* Following */,
				0A6534DB27E121D400A50FB8 /* Recipes */,
			);
			path = Dashboard;
			sourceTree = "<group>";
		};
		0A8F98D427AB09AE008F5584 = {
			isa = PBXGroup;
			children = (
				0A8F98DF27AB09AE008F5584 /* MealJournal */,
				0A8F98F027AB09AE008F5584 /* MealJournalTests */,
				0A8F98FA27AB09AE008F5584 /* MealJournalUITests */,
				0A8F98DE27AB09AE008F5584 /* Products */,
				9C5E0A9EAC80F116635D079A /* Pods */,
				24D857BFE476881478C49E47 /* Frameworks */,
			);
			sourceTree = "<group>";
		};
		0A8F98DE27AB09AE008F5584 /* Products */ = {
			isa = PBXGroup;
			children = (
				0A8F98DD27AB09AE008F5584 /* MealJournal.app */,
				0A8F98ED27AB09AE008F5584 /* MealJournalTests.xctest */,
				0A8F98F727AB09AE008F5584 /* MealJournalUITests.xctest */,
			);
			name = Products;
			sourceTree = "<group>";
		};
		0A8F98DF27AB09AE008F5584 /* MealJournal */ = {
			isa = PBXGroup;
			children = (
				0A3FF73527F2313B00789FD0 /* Network */,
				0A8F990C27AB0C65008F5584 /* Views */,
				0A8D957427B6E41400193B84 /* Utilities */,
				0A9A055427B3328800CAD66B /* Models */,
				0A8F98E427AB09AE008F5584 /* Assets.xcassets */,
				0A8F98E627AB09AE008F5584 /* Preview Content */,
			);
			path = MealJournal;
			sourceTree = "<group>";
		};
		0A8F98E627AB09AE008F5584 /* Preview Content */ = {
			isa = PBXGroup;
			children = (
				0A8F98E727AB09AE008F5584 /* Preview Assets.xcassets */,
			);
			path = "Preview Content";
			sourceTree = "<group>";
		};
		0A8F98F027AB09AE008F5584 /* MealJournalTests */ = {
			isa = PBXGroup;
			children = (
				0A8F98F127AB09AE008F5584 /* MealJournalTests.swift */,
			);
			path = MealJournalTests;
			sourceTree = "<group>";
		};
		0A8F98FA27AB09AE008F5584 /* MealJournalUITests */ = {
			isa = PBXGroup;
			children = (
				0A8F98FB27AB09AE008F5584 /* MealJournalUITests.swift */,
				0A8F98FD27AB09AE008F5584 /* MealJournalUITestsLaunchTests.swift */,
			);
			path = MealJournalUITests;
			sourceTree = "<group>";
		};
		0A8F990C27AB0C65008F5584 /* Views */ = {
			isa = PBXGroup;
			children = (
				0A8D957727B7199F00193B84 /* Dashboard */,
				0AE0DB8C27BC1A81006F1835 /* JournalEntry */,
				0A12639427CE5D720076876B /* LandingPage */,
				0A8F98E027AB09AE008F5584 /* MealJournalApp.swift */,
				0A07D96128492DA80080A4ED /* Settings */,
			);
			path = Views;
			sourceTree = "<group>";
		};
		0A9A055427B3328800CAD66B /* Models */ = {
			isa = PBXGroup;
			children = (
				0A95BB91284EDEF30020C7B2 /* RecipeModel.swift */,
				0A53020627E2DF1B00B8D261 /* RecipeListModel.swift */,
				0AC1B7B927D8F5430070895D /* UserData.xcdatamodeld */,
				0AC1B7B427D7F2EB0070895D /* DataController.swift */,
				0A12639227CE5CD10076876B /* MealEntrys.swift */,
				0AE0DB8D27BC1E02006F1835 /* EntryModel.swift */,
				0A07D95C284801260080A4ED /* UserModel.swift */,
			);
			path = Models;
			sourceTree = "<group>";
		};
		0AE0DB8C27BC1A81006F1835 /* JournalEntry */ = {
			isa = PBXGroup;
			children = (
				0AE0DB8A27BC1823006F1835 /* JournalEntryMain.swift */,
				0A5E691527CC5C1D00ACB6A5 /* MacroView.swift */,
				0A5E691327C5F97900ACB6A5 /* DailyMacrosCounter.swift */,
				0AE0DB9527C21124006F1835 /* MealSearchBar.swift */,
				0A5E691127C4AE2600ACB6A5 /* FoodSearchResultsView.swift */,
				0A3B9B222813550800EC631A /* MealTimingSelectorView.swift */,
				0A3B9B1027FFDF5A00EC631A /* UserAddingFood.swift */,
				0A3B9B0E27FFDC4000EC631A /* MealBelongButtons.swift */,
				0AE0DB8F27BD5041006F1835 /* EntryRow.swift */,
				0A70A8BE27FA8B8B00318780 /* FoodItemMain */,
			);
			path = JournalEntry;
			sourceTree = "<group>";
		};
		24D857BFE476881478C49E47 /* Frameworks */ = {
			isa = PBXGroup;
			children = (
				C25B5864F41EB32D84F3D2A4 /* Pods_MealJournal.framework */,
				2FB9401F219CF3C3DD2C591D /* Pods_MealJournal_MealJournalUITests.framework */,
				511F702D98851A0528626E1B /* Pods_MealJournalTests.framework */,
			);
			name = Frameworks;
			sourceTree = "<group>";
		};
		9C5E0A9EAC80F116635D079A /* Pods */ = {
			isa = PBXGroup;
			children = (
				D2EE83CFFA4B1DA207C72BE7 /* Pods-MealJournal.debug.xcconfig */,
				DEC7C9D974C8712525F5AE8D /* Pods-MealJournal.release.xcconfig */,
				9ECDEFFE75C35781005879CF /* Pods-MealJournal-MealJournalUITests.debug.xcconfig */,
				90A168E2D5DB83FF208BF303 /* Pods-MealJournal-MealJournalUITests.release.xcconfig */,
				D755DF68E85AE186D5183129 /* Pods-MealJournalTests.debug.xcconfig */,
				3DC83A24A7217B78C4DFECF2 /* Pods-MealJournalTests.release.xcconfig */,
			);
			path = Pods;
			sourceTree = "<group>";
		};
/* End PBXGroup section */

/* Begin PBXNativeTarget section */
		0A8F98DC27AB09AE008F5584 /* MealJournal */ = {
			isa = PBXNativeTarget;
			buildConfigurationList = 0A8F990127AB09AE008F5584 /* Build configuration list for PBXNativeTarget "MealJournal" */;
			buildPhases = (
				5C4F1FEC86DF6A4A4CC434BC /* [CP] Check Pods Manifest.lock */,
				0A8F98D927AB09AE008F5584 /* Sources */,
				0A8F98DA27AB09AE008F5584 /* Frameworks */,
				0A8F98DB27AB09AE008F5584 /* Resources */,
				C5F60342189279F71C999CC5 /* [CP] Embed Pods Frameworks */,
			);
			buildRules = (
			);
			dependencies = (
			);
			name = MealJournal;
			packageProductDependencies = (
				0A6A687E284577210047CFB9 /* FirebaseAuth */,
				0A6A6880284577210047CFB9 /* FirebaseFirestore */,
				0A6A6882284577210047CFB9 /* FirebaseStorage */,
				0A07D95F28480A140080A4ED /* SDWebImageSwiftUI */,
			);
			productName = MealJournal;
			productReference = 0A8F98DD27AB09AE008F5584 /* MealJournal.app */;
			productType = "com.apple.product-type.application";
		};
		0A8F98EC27AB09AE008F5584 /* MealJournalTests */ = {
			isa = PBXNativeTarget;
			buildConfigurationList = 0A8F990427AB09AE008F5584 /* Build configuration list for PBXNativeTarget "MealJournalTests" */;
			buildPhases = (
				E38EC56898E138E86E888B1F /* [CP] Check Pods Manifest.lock */,
				0A8F98E927AB09AE008F5584 /* Sources */,
				0A8F98EA27AB09AE008F5584 /* Frameworks */,
				0A8F98EB27AB09AE008F5584 /* Resources */,
			);
			buildRules = (
			);
			dependencies = (
				0A8F98EF27AB09AE008F5584 /* PBXTargetDependency */,
			);
			name = MealJournalTests;
			productName = MealJournalTests;
			productReference = 0A8F98ED27AB09AE008F5584 /* MealJournalTests.xctest */;
			productType = "com.apple.product-type.bundle.unit-test";
		};
		0A8F98F627AB09AE008F5584 /* MealJournalUITests */ = {
			isa = PBXNativeTarget;
			buildConfigurationList = 0A8F990727AB09AE008F5584 /* Build configuration list for PBXNativeTarget "MealJournalUITests" */;
			buildPhases = (
				523C47BEF743C824ACEA363C /* [CP] Check Pods Manifest.lock */,
				0A8F98F327AB09AE008F5584 /* Sources */,
				0A8F98F427AB09AE008F5584 /* Frameworks */,
				0A8F98F527AB09AE008F5584 /* Resources */,
				20D5963C15ABE811304467A0 /* [CP] Embed Pods Frameworks */,
			);
			buildRules = (
			);
			dependencies = (
				0A8F98F927AB09AE008F5584 /* PBXTargetDependency */,
			);
			name = MealJournalUITests;
			productName = MealJournalUITests;
			productReference = 0A8F98F727AB09AE008F5584 /* MealJournalUITests.xctest */;
			productType = "com.apple.product-type.bundle.ui-testing";
		};
/* End PBXNativeTarget section */

/* Begin PBXProject section */
		0A8F98D527AB09AE008F5584 /* Project object */ = {
			isa = PBXProject;
			attributes = {
				BuildIndependentTargetsInParallel = 1;
				LastSwiftUpdateCheck = 1320;
				LastUpgradeCheck = 1320;
				TargetAttributes = {
					0A8F98DC27AB09AE008F5584 = {
						CreatedOnToolsVersion = 13.2.1;
					};
					0A8F98EC27AB09AE008F5584 = {
						CreatedOnToolsVersion = 13.2.1;
						TestTargetID = 0A8F98DC27AB09AE008F5584;
					};
					0A8F98F627AB09AE008F5584 = {
						CreatedOnToolsVersion = 13.2.1;
						TestTargetID = 0A8F98DC27AB09AE008F5584;
					};
				};
			};
			buildConfigurationList = 0A8F98D827AB09AE008F5584 /* Build configuration list for PBXProject "MealJournal" */;
			compatibilityVersion = "Xcode 13.0";
			developmentRegion = en;
			hasScannedForEncodings = 0;
			knownRegions = (
				en,
				Base,
			);
			mainGroup = 0A8F98D427AB09AE008F5584;
			packageReferences = (
				0A6A687D284577210047CFB9 /* XCRemoteSwiftPackageReference "firebase-ios-sdk" */,
				0A07D95E28480A130080A4ED /* XCRemoteSwiftPackageReference "SDWebImageSwiftUI" */,
			);
			productRefGroup = 0A8F98DE27AB09AE008F5584 /* Products */;
			projectDirPath = "";
			projectRoot = "";
			targets = (
				0A8F98DC27AB09AE008F5584 /* MealJournal */,
				0A8F98EC27AB09AE008F5584 /* MealJournalTests */,
				0A8F98F627AB09AE008F5584 /* MealJournalUITests */,
			);
		};
/* End PBXProject section */

/* Begin PBXResourcesBuildPhase section */
		0A8F98DB27AB09AE008F5584 /* Resources */ = {
			isa = PBXResourcesBuildPhase;
			buildActionMask = 2147483647;
			files = (
				0A8F98E827AB09AE008F5584 /* Preview Assets.xcassets in Resources */,
				0A8F98E527AB09AE008F5584 /* Assets.xcassets in Resources */,
				0A6A687A283C61700047CFB9 /* GoogleService-Info.plist in Resources */,
			);
			runOnlyForDeploymentPostprocessing = 0;
		};
		0A8F98EB27AB09AE008F5584 /* Resources */ = {
			isa = PBXResourcesBuildPhase;
			buildActionMask = 2147483647;
			files = (
			);
			runOnlyForDeploymentPostprocessing = 0;
		};
		0A8F98F527AB09AE008F5584 /* Resources */ = {
			isa = PBXResourcesBuildPhase;
			buildActionMask = 2147483647;
			files = (
			);
			runOnlyForDeploymentPostprocessing = 0;
		};
/* End PBXResourcesBuildPhase section */

/* Begin PBXShellScriptBuildPhase section */
		20D5963C15ABE811304467A0 /* [CP] Embed Pods Frameworks */ = {
			isa = PBXShellScriptBuildPhase;
			buildActionMask = 2147483647;
			files = (
			);
			inputFileListPaths = (
				"${PODS_ROOT}/Target Support Files/Pods-MealJournal-MealJournalUITests/Pods-MealJournal-MealJournalUITests-frameworks-${CONFIGURATION}-input-files.xcfilelist",
			);
			name = "[CP] Embed Pods Frameworks";
			outputFileListPaths = (
				"${PODS_ROOT}/Target Support Files/Pods-MealJournal-MealJournalUITests/Pods-MealJournal-MealJournalUITests-frameworks-${CONFIGURATION}-output-files.xcfilelist",
			);
			runOnlyForDeploymentPostprocessing = 0;
			shellPath = /bin/sh;
			shellScript = "\"${PODS_ROOT}/Target Support Files/Pods-MealJournal-MealJournalUITests/Pods-MealJournal-MealJournalUITests-frameworks.sh\"\n";
			showEnvVarsInLog = 0;
		};
		523C47BEF743C824ACEA363C /* [CP] Check Pods Manifest.lock */ = {
			isa = PBXShellScriptBuildPhase;
			buildActionMask = 2147483647;
			files = (
			);
			inputFileListPaths = (
			);
			inputPaths = (
				"${PODS_PODFILE_DIR_PATH}/Podfile.lock",
				"${PODS_ROOT}/Manifest.lock",
			);
			name = "[CP] Check Pods Manifest.lock";
			outputFileListPaths = (
			);
			outputPaths = (
				"$(DERIVED_FILE_DIR)/Pods-MealJournal-MealJournalUITests-checkManifestLockResult.txt",
			);
			runOnlyForDeploymentPostprocessing = 0;
			shellPath = /bin/sh;
			shellScript = "diff \"${PODS_PODFILE_DIR_PATH}/Podfile.lock\" \"${PODS_ROOT}/Manifest.lock\" > /dev/null\nif [ $? != 0 ] ; then\n    # print error to STDERR\n    echo \"error: The sandbox is not in sync with the Podfile.lock. Run 'pod install' or update your CocoaPods installation.\" >&2\n    exit 1\nfi\n# This output is used by Xcode 'outputs' to avoid re-running this script phase.\necho \"SUCCESS\" > \"${SCRIPT_OUTPUT_FILE_0}\"\n";
			showEnvVarsInLog = 0;
		};
		5C4F1FEC86DF6A4A4CC434BC /* [CP] Check Pods Manifest.lock */ = {
			isa = PBXShellScriptBuildPhase;
			buildActionMask = 2147483647;
			files = (
			);
			inputFileListPaths = (
			);
			inputPaths = (
				"${PODS_PODFILE_DIR_PATH}/Podfile.lock",
				"${PODS_ROOT}/Manifest.lock",
			);
			name = "[CP] Check Pods Manifest.lock";
			outputFileListPaths = (
			);
			outputPaths = (
				"$(DERIVED_FILE_DIR)/Pods-MealJournal-checkManifestLockResult.txt",
			);
			runOnlyForDeploymentPostprocessing = 0;
			shellPath = /bin/sh;
			shellScript = "diff \"${PODS_PODFILE_DIR_PATH}/Podfile.lock\" \"${PODS_ROOT}/Manifest.lock\" > /dev/null\nif [ $? != 0 ] ; then\n    # print error to STDERR\n    echo \"error: The sandbox is not in sync with the Podfile.lock. Run 'pod install' or update your CocoaPods installation.\" >&2\n    exit 1\nfi\n# This output is used by Xcode 'outputs' to avoid re-running this script phase.\necho \"SUCCESS\" > \"${SCRIPT_OUTPUT_FILE_0}\"\n";
			showEnvVarsInLog = 0;
		};
		C5F60342189279F71C999CC5 /* [CP] Embed Pods Frameworks */ = {
			isa = PBXShellScriptBuildPhase;
			buildActionMask = 2147483647;
			files = (
			);
			inputFileListPaths = (
				"${PODS_ROOT}/Target Support Files/Pods-MealJournal/Pods-MealJournal-frameworks-${CONFIGURATION}-input-files.xcfilelist",
			);
			name = "[CP] Embed Pods Frameworks";
			outputFileListPaths = (
				"${PODS_ROOT}/Target Support Files/Pods-MealJournal/Pods-MealJournal-frameworks-${CONFIGURATION}-output-files.xcfilelist",
			);
			runOnlyForDeploymentPostprocessing = 0;
			shellPath = /bin/sh;
			shellScript = "\"${PODS_ROOT}/Target Support Files/Pods-MealJournal/Pods-MealJournal-frameworks.sh\"\n";
			showEnvVarsInLog = 0;
		};
		E38EC56898E138E86E888B1F /* [CP] Check Pods Manifest.lock */ = {
			isa = PBXShellScriptBuildPhase;
			buildActionMask = 2147483647;
			files = (
			);
			inputFileListPaths = (
			);
			inputPaths = (
				"${PODS_PODFILE_DIR_PATH}/Podfile.lock",
				"${PODS_ROOT}/Manifest.lock",
			);
			name = "[CP] Check Pods Manifest.lock";
			outputFileListPaths = (
			);
			outputPaths = (
				"$(DERIVED_FILE_DIR)/Pods-MealJournalTests-checkManifestLockResult.txt",
			);
			runOnlyForDeploymentPostprocessing = 0;
			shellPath = /bin/sh;
			shellScript = "diff \"${PODS_PODFILE_DIR_PATH}/Podfile.lock\" \"${PODS_ROOT}/Manifest.lock\" > /dev/null\nif [ $? != 0 ] ; then\n    # print error to STDERR\n    echo \"error: The sandbox is not in sync with the Podfile.lock. Run 'pod install' or update your CocoaPods installation.\" >&2\n    exit 1\nfi\n# This output is used by Xcode 'outputs' to avoid re-running this script phase.\necho \"SUCCESS\" > \"${SCRIPT_OUTPUT_FILE_0}\"\n";
			showEnvVarsInLog = 0;
		};
/* End PBXShellScriptBuildPhase section */

/* Begin PBXSourcesBuildPhase section */
		0A8F98D927AB09AE008F5584 /* Sources */ = {
			isa = PBXSourcesBuildPhase;
			buildActionMask = 2147483647;
			files = (
				0A5B49AB282370CF0051A20B /* UserDashboardView.swift in Sources */,
				0AAE15AF282D9DFE00B9B85A /* RecipeEditorIngredients.swift in Sources */,
				0A07D9592847EA180080A4ED /* FirebaseManager.swift in Sources */,
				0A8D8073282A15280055021A /* RecipeEditorView.swift in Sources */,
				0A8F98E327AB09AE008F5584 /* ContentView.swift in Sources */,
				0A07D9652849353A0080A4ED /* PersonalSettingsView.swift in Sources */,
				0A6534D627DF8A1A00A50FB8 /* UserDashController.swift in Sources */,
				0A8D957027B57A1B00193B84 /* UserAccountVerification.swift in Sources */,
				0A8F98E127AB09AE008F5584 /* MealJournalApp.swift in Sources */,
				0A3B9B1127FFDF5A00EC631A /* UserAddingFood.swift in Sources */,
				0AC1B7BB27D8F5430070895D /* UserData.xcdatamodeld in Sources */,
				0A8D957F27B9626700193B84 /* ProfilePicture.swift in Sources */,
				0AC04221282C38AC00009684 /* FoodItemInputs.swift in Sources */,
				0A8D957B27B7216400193B84 /* keyboardResponder.swift in Sources */,
				0A3B9B1B280FA94F00EC631A /* FoodData.swift in Sources */,
				0A3B9B232813550900EC631A /* MealTimingSelectorView.swift in Sources */,
				0A12639627CEC1200076876B /* FitnessForm.swift in Sources */,
				0A6534DA27E0D3F400A50FB8 /* RecipeController.swift in Sources */,
				0AE0DB9627C21124006F1835 /* MealSearchBar.swift in Sources */,
				0AC1B77427D298720070895D /* GetWeight.swift in Sources */,
				0A70A8BD27FA8B8300318780 /* FoodItemView.swift in Sources */,
				0A3B9B19280BEC9D00EC631A /* DecodingJSON.swift in Sources */,
				0A8D957627B6E42700193B84 /* hideKeyboard.swift in Sources */,
				0A5E691427C5F97900ACB6A5 /* DailyMacrosCounter.swift in Sources */,
				0A8D806B2826CE380055021A /* ReditorPopUp.swift in Sources */,
				0A8D806F28298E860055021A /* RecipeEditorImage.swift in Sources */,
				0A9FC9C627DD50ED0008D0CD /* SubscriptionPopOut.swift in Sources */,
				0AC1B7B527D7F2EB0070895D /* DataController.swift in Sources */,
				0A3B9B152808DD6300EC631A /* RemoveZeroFromDouble.swift in Sources */,
				0A8D80662825D19C0055021A /* FollowingListRow.swift in Sources */,
				0A9A055327B2E6E100CAD66B /* Login.swift in Sources */,
				0A0C631727EE10170093692D /* RecipeFullListView.swift in Sources */,
				0AE0DB8B27BC1823006F1835 /* JournalEntryMain.swift in Sources */,
				0A07D957284592760080A4ED /* AddProfilePicture.swift in Sources */,
				0A70A8BB27F8BC0900318780 /* Search_Food_Model.swift in Sources */,
				0A07D95D284801260080A4ED /* UserModel.swift in Sources */,
				0A8D8077282A2AEE0055021A /* IngredientsPicker.swift in Sources */,
				0A07D95B2847F0850080A4ED /* DashboardLogic.swift in Sources */,
				0A5E691627CC5C1D00ACB6A5 /* MacroView.swift in Sources */,
				0A3B9B252815DAD000EC631A /* NutrionalPieChart.swift in Sources */,
				0A07D96F284E332D0080A4ED /* SaveRecipeButton.swift in Sources */,
				0A8F990E27AB0F01008F5584 /* LandingPage.swift in Sources */,
				0A3B9B0F27FFDC4000EC631A /* MealBelongButtons.swift in Sources */,
				0A3B9B2728162DE800EC631A /* NutrionalPieChartView.swift in Sources */,
				0A07D96328492E420080A4ED /* SettingsView.swift in Sources */,
				0A12639327CE5CD10076876B /* MealEntrys.swift in Sources */,
				0A8D958527BAB24700193B84 /* FollowUserButton.swift in Sources */,
				0A8D806D28296AA90055021A /* RecipeFullListRow.swift in Sources */,
				0AAE15AD282D8C5300B9B85A /* RecipeEditModals.swift in Sources */,
				0A6534DD27E1220500A50FB8 /* RecipeEntryPicture.swift in Sources */,
				0A6A687C283C84DC0047CFB9 /* SignUpController.swift in Sources */,
				0A5E691227C4AE2600ACB6A5 /* FoodSearchResultsView.swift in Sources */,
				0AAE15B3282DA3E400B9B85A /* EditorDirections.swift in Sources */,
				0A3B9B2928163E2F00EC631A /* PieChartHelperRows.swift in Sources */,
				0AA11757281A3ABD0024FECE /* ServingUnitPicker.swift in Sources */,
				0A6534DF27E1230600A50FB8 /* Recipe Ingredients.swift in Sources */,
				0A95BB92284EDEF30020C7B2 /* RecipeModel.swift in Sources */,
				0AE0DB8E27BC1E03006F1835 /* EntryModel.swift in Sources */,
				0A8D80682826CBF60055021A /* RecipeEditor.swift in Sources */,
				0A07D969284AA1780080A4ED /* SuccessAlert.swift in Sources */,
				0AAE15B1282DA34900B9B85A /* EditorIngredients.swift in Sources */,
				0AA11759282031400024FECE /* WholeNFractionPicker.swift in Sources */,
				0A3FF73427F230F500789FD0 /* GetFoodApi.swift in Sources */,
				0A8F990B27AB0B92008F5584 /* CreateAccount.swift in Sources */,
				0A8D8075282A28CB0055021A /* FlexibleSheetPicker.swift in Sources */,
				0A8D8063282573680055021A /* FollowingListView.swift in Sources */,
				0A53020727E2DF1B00B8D261 /* RecipeListModel.swift in Sources */,
				0A53021127E8EFAD00B8D261 /* FlexibleSheet.swift in Sources */,
				0AE0DB9027BD5041006F1835 /* EntryRow.swift in Sources */,
				0A53020927E430FB00B8D261 /* RecipeListView.swift in Sources */,
				0A53020F27E8E0F100B8D261 /* RecipeDirections.swift in Sources */,
				0A6534D827E021C100A50FB8 /* AddToolbar.swift in Sources */,
				0A53021327E8F01700B8D261 /* RecipeNavigationModals.swift in Sources */,
				0A3B9B172808DFAE00EC631A /* CapitalFirstLetter.swift in Sources */,
				0A8D8071282998700055021A /* RecipeImagePicker.swift in Sources */,
				0A3B9B132808AD2B00EC631A /* emptyview.swift in Sources */,
				0A53020D27E8005E00B8D261 /* RecipeDashHeader.swift in Sources */,
			);
			runOnlyForDeploymentPostprocessing = 0;
		};
		0A8F98E927AB09AE008F5584 /* Sources */ = {
			isa = PBXSourcesBuildPhase;
			buildActionMask = 2147483647;
			files = (
				0A8F98F227AB09AE008F5584 /* MealJournalTests.swift in Sources */,
			);
			runOnlyForDeploymentPostprocessing = 0;
		};
		0A8F98F327AB09AE008F5584 /* Sources */ = {
			isa = PBXSourcesBuildPhase;
			buildActionMask = 2147483647;
			files = (
				0A8F98FC27AB09AE008F5584 /* MealJournalUITests.swift in Sources */,
				0A8F98FE27AB09AE008F5584 /* MealJournalUITestsLaunchTests.swift in Sources */,
			);
			runOnlyForDeploymentPostprocessing = 0;
		};
/* End PBXSourcesBuildPhase section */

/* Begin PBXTargetDependency section */
		0A8F98EF27AB09AE008F5584 /* PBXTargetDependency */ = {
			isa = PBXTargetDependency;
			target = 0A8F98DC27AB09AE008F5584 /* MealJournal */;
			targetProxy = 0A8F98EE27AB09AE008F5584 /* PBXContainerItemProxy */;
		};
		0A8F98F927AB09AE008F5584 /* PBXTargetDependency */ = {
			isa = PBXTargetDependency;
			target = 0A8F98DC27AB09AE008F5584 /* MealJournal */;
			targetProxy = 0A8F98F827AB09AE008F5584 /* PBXContainerItemProxy */;
		};
/* End PBXTargetDependency section */

/* Begin XCBuildConfiguration section */
		0A8F98FF27AB09AE008F5584 /* Debug */ = {
			isa = XCBuildConfiguration;
			buildSettings = {
				ALWAYS_SEARCH_USER_PATHS = NO;
				CLANG_ANALYZER_NONNULL = YES;
				CLANG_ANALYZER_NUMBER_OBJECT_CONVERSION = YES_AGGRESSIVE;
				CLANG_CXX_LANGUAGE_STANDARD = "gnu++17";
				CLANG_CXX_LIBRARY = "libc++";
				CLANG_ENABLE_MODULES = YES;
				CLANG_ENABLE_OBJC_ARC = YES;
				CLANG_ENABLE_OBJC_WEAK = YES;
				CLANG_WARN_BLOCK_CAPTURE_AUTORELEASING = YES;
				CLANG_WARN_BOOL_CONVERSION = YES;
				CLANG_WARN_COMMA = YES;
				CLANG_WARN_CONSTANT_CONVERSION = YES;
				CLANG_WARN_DEPRECATED_OBJC_IMPLEMENTATIONS = YES;
				CLANG_WARN_DIRECT_OBJC_ISA_USAGE = YES_ERROR;
				CLANG_WARN_DOCUMENTATION_COMMENTS = YES;
				CLANG_WARN_EMPTY_BODY = YES;
				CLANG_WARN_ENUM_CONVERSION = YES;
				CLANG_WARN_INFINITE_RECURSION = YES;
				CLANG_WARN_INT_CONVERSION = YES;
				CLANG_WARN_NON_LITERAL_NULL_CONVERSION = YES;
				CLANG_WARN_OBJC_IMPLICIT_RETAIN_SELF = YES;
				CLANG_WARN_OBJC_LITERAL_CONVERSION = YES;
				CLANG_WARN_OBJC_ROOT_CLASS = YES_ERROR;
				CLANG_WARN_QUOTED_INCLUDE_IN_FRAMEWORK_HEADER = YES;
				CLANG_WARN_RANGE_LOOP_ANALYSIS = YES;
				CLANG_WARN_STRICT_PROTOTYPES = YES;
				CLANG_WARN_SUSPICIOUS_MOVE = YES;
				CLANG_WARN_UNGUARDED_AVAILABILITY = YES_AGGRESSIVE;
				CLANG_WARN_UNREACHABLE_CODE = YES;
				CLANG_WARN__DUPLICATE_METHOD_MATCH = YES;
				COPY_PHASE_STRIP = NO;
				DEBUG_INFORMATION_FORMAT = dwarf;
				DEVELOPMENT_TEAM = 3399UDH7QA;
				ENABLE_STRICT_OBJC_MSGSEND = YES;
				ENABLE_TESTABILITY = YES;
				GCC_C_LANGUAGE_STANDARD = gnu11;
				GCC_DYNAMIC_NO_PIC = NO;
				GCC_NO_COMMON_BLOCKS = YES;
				GCC_OPTIMIZATION_LEVEL = 0;
				GCC_PREPROCESSOR_DEFINITIONS = (
					"DEBUG=1",
					"$(inherited)",
				);
				GCC_WARN_64_TO_32_BIT_CONVERSION = YES;
				GCC_WARN_ABOUT_RETURN_TYPE = YES_ERROR;
				GCC_WARN_UNDECLARED_SELECTOR = YES;
				GCC_WARN_UNINITIALIZED_AUTOS = YES_AGGRESSIVE;
				GCC_WARN_UNUSED_FUNCTION = YES;
				GCC_WARN_UNUSED_VARIABLE = YES;
				IPHONEOS_DEPLOYMENT_TARGET = 15.2;
				MTL_ENABLE_DEBUG_INFO = INCLUDE_SOURCE;
				MTL_FAST_MATH = YES;
				ONLY_ACTIVE_ARCH = YES;
				SDKROOT = iphoneos;
				SWIFT_ACTIVE_COMPILATION_CONDITIONS = DEBUG;
				SWIFT_OPTIMIZATION_LEVEL = "-Onone";
			};
			name = Debug;
		};
		0A8F990027AB09AE008F5584 /* Release */ = {
			isa = XCBuildConfiguration;
			buildSettings = {
				ALWAYS_SEARCH_USER_PATHS = NO;
				CLANG_ANALYZER_NONNULL = YES;
				CLANG_ANALYZER_NUMBER_OBJECT_CONVERSION = YES_AGGRESSIVE;
				CLANG_CXX_LANGUAGE_STANDARD = "gnu++17";
				CLANG_CXX_LIBRARY = "libc++";
				CLANG_ENABLE_MODULES = YES;
				CLANG_ENABLE_OBJC_ARC = YES;
				CLANG_ENABLE_OBJC_WEAK = YES;
				CLANG_WARN_BLOCK_CAPTURE_AUTORELEASING = YES;
				CLANG_WARN_BOOL_CONVERSION = YES;
				CLANG_WARN_COMMA = YES;
				CLANG_WARN_CONSTANT_CONVERSION = YES;
				CLANG_WARN_DEPRECATED_OBJC_IMPLEMENTATIONS = YES;
				CLANG_WARN_DIRECT_OBJC_ISA_USAGE = YES_ERROR;
				CLANG_WARN_DOCUMENTATION_COMMENTS = YES;
				CLANG_WARN_EMPTY_BODY = YES;
				CLANG_WARN_ENUM_CONVERSION = YES;
				CLANG_WARN_INFINITE_RECURSION = YES;
				CLANG_WARN_INT_CONVERSION = YES;
				CLANG_WARN_NON_LITERAL_NULL_CONVERSION = YES;
				CLANG_WARN_OBJC_IMPLICIT_RETAIN_SELF = YES;
				CLANG_WARN_OBJC_LITERAL_CONVERSION = YES;
				CLANG_WARN_OBJC_ROOT_CLASS = YES_ERROR;
				CLANG_WARN_QUOTED_INCLUDE_IN_FRAMEWORK_HEADER = YES;
				CLANG_WARN_RANGE_LOOP_ANALYSIS = YES;
				CLANG_WARN_STRICT_PROTOTYPES = YES;
				CLANG_WARN_SUSPICIOUS_MOVE = YES;
				CLANG_WARN_UNGUARDED_AVAILABILITY = YES_AGGRESSIVE;
				CLANG_WARN_UNREACHABLE_CODE = YES;
				CLANG_WARN__DUPLICATE_METHOD_MATCH = YES;
				COPY_PHASE_STRIP = NO;
				DEBUG_INFORMATION_FORMAT = "dwarf-with-dsym";
				DEVELOPMENT_TEAM = 3399UDH7QA;
				ENABLE_NS_ASSERTIONS = NO;
				ENABLE_STRICT_OBJC_MSGSEND = YES;
				GCC_C_LANGUAGE_STANDARD = gnu11;
				GCC_NO_COMMON_BLOCKS = YES;
				GCC_WARN_64_TO_32_BIT_CONVERSION = YES;
				GCC_WARN_ABOUT_RETURN_TYPE = YES_ERROR;
				GCC_WARN_UNDECLARED_SELECTOR = YES;
				GCC_WARN_UNINITIALIZED_AUTOS = YES_AGGRESSIVE;
				GCC_WARN_UNUSED_FUNCTION = YES;
				GCC_WARN_UNUSED_VARIABLE = YES;
				IPHONEOS_DEPLOYMENT_TARGET = 15.2;
				MTL_ENABLE_DEBUG_INFO = NO;
				MTL_FAST_MATH = YES;
				SDKROOT = iphoneos;
				SWIFT_COMPILATION_MODE = wholemodule;
				SWIFT_OPTIMIZATION_LEVEL = "-O";
				VALIDATE_PRODUCT = YES;
			};
			name = Release;
		};
		0A8F990227AB09AE008F5584 /* Debug */ = {
			isa = XCBuildConfiguration;
			baseConfigurationReference = D2EE83CFFA4B1DA207C72BE7 /* Pods-MealJournal.debug.xcconfig */;
			buildSettings = {
				ASSETCATALOG_COMPILER_APPICON_NAME = AppIcon;
				ASSETCATALOG_COMPILER_GLOBAL_ACCENT_COLOR_NAME = AccentColor;
				CODE_SIGN_STYLE = Automatic;
				CURRENT_PROJECT_VERSION = 1;
				DEVELOPMENT_ASSET_PATHS = "\"MealJournal/Preview Content\"";
				ENABLE_PREVIEWS = YES;
				GENERATE_INFOPLIST_FILE = YES;
				INFOPLIST_KEY_UIApplicationSceneManifest_Generation = YES;
				INFOPLIST_KEY_UIApplicationSupportsIndirectInputEvents = YES;
				INFOPLIST_KEY_UILaunchScreen_Generation = YES;
				INFOPLIST_KEY_UISupportedInterfaceOrientations_iPad = "UIInterfaceOrientationPortrait UIInterfaceOrientationPortraitUpsideDown UIInterfaceOrientationLandscapeLeft UIInterfaceOrientationLandscapeRight";
				INFOPLIST_KEY_UISupportedInterfaceOrientations_iPhone = "UIInterfaceOrientationPortrait UIInterfaceOrientationLandscapeLeft UIInterfaceOrientationLandscapeRight";
				LD_RUNPATH_SEARCH_PATHS = (
					"$(inherited)",
					"@executable_path/Frameworks",
				);
				MARKETING_VERSION = 1.0;
				PRODUCT_BUNDLE_IDENTIFIER = com.swinkapp.mealJournal;
				PRODUCT_NAME = "$(TARGET_NAME)";
				SWIFT_EMIT_LOC_STRINGS = YES;
				SWIFT_VERSION = 5.0;
				TARGETED_DEVICE_FAMILY = "1,2";
			};
			name = Debug;
		};
		0A8F990327AB09AE008F5584 /* Release */ = {
			isa = XCBuildConfiguration;
			baseConfigurationReference = DEC7C9D974C8712525F5AE8D /* Pods-MealJournal.release.xcconfig */;
			buildSettings = {
				ASSETCATALOG_COMPILER_APPICON_NAME = AppIcon;
				ASSETCATALOG_COMPILER_GLOBAL_ACCENT_COLOR_NAME = AccentColor;
				CODE_SIGN_STYLE = Automatic;
				CURRENT_PROJECT_VERSION = 1;
				DEVELOPMENT_ASSET_PATHS = "\"MealJournal/Preview Content\"";
				ENABLE_PREVIEWS = YES;
				GENERATE_INFOPLIST_FILE = YES;
				INFOPLIST_KEY_UIApplicationSceneManifest_Generation = YES;
				INFOPLIST_KEY_UIApplicationSupportsIndirectInputEvents = YES;
				INFOPLIST_KEY_UILaunchScreen_Generation = YES;
				INFOPLIST_KEY_UISupportedInterfaceOrientations_iPad = "UIInterfaceOrientationPortrait UIInterfaceOrientationPortraitUpsideDown UIInterfaceOrientationLandscapeLeft UIInterfaceOrientationLandscapeRight";
				INFOPLIST_KEY_UISupportedInterfaceOrientations_iPhone = "UIInterfaceOrientationPortrait UIInterfaceOrientationLandscapeLeft UIInterfaceOrientationLandscapeRight";
				LD_RUNPATH_SEARCH_PATHS = (
					"$(inherited)",
					"@executable_path/Frameworks",
				);
				MARKETING_VERSION = 1.0;
				PRODUCT_BUNDLE_IDENTIFIER = com.swinkapp.mealJournal;
				PRODUCT_NAME = "$(TARGET_NAME)";
				SWIFT_EMIT_LOC_STRINGS = YES;
				SWIFT_VERSION = 5.0;
				TARGETED_DEVICE_FAMILY = "1,2";
			};
			name = Release;
		};
		0A8F990527AB09AE008F5584 /* Debug */ = {
			isa = XCBuildConfiguration;
			baseConfigurationReference = D755DF68E85AE186D5183129 /* Pods-MealJournalTests.debug.xcconfig */;
			buildSettings = {
				ALWAYS_EMBED_SWIFT_STANDARD_LIBRARIES = YES;
				BUNDLE_LOADER = "$(TEST_HOST)";
				CODE_SIGN_STYLE = Automatic;
				CURRENT_PROJECT_VERSION = 1;
				GENERATE_INFOPLIST_FILE = YES;
				IPHONEOS_DEPLOYMENT_TARGET = 15.2;
				MARKETING_VERSION = 1.0;
				PRODUCT_BUNDLE_IDENTIFIER = app.MealJournalTests;
				PRODUCT_NAME = "$(TARGET_NAME)";
				SWIFT_EMIT_LOC_STRINGS = NO;
				SWIFT_VERSION = 5.0;
				TARGETED_DEVICE_FAMILY = "1,2";
				TEST_HOST = "$(BUILT_PRODUCTS_DIR)/MealJournal.app/MealJournal";
			};
			name = Debug;
		};
		0A8F990627AB09AE008F5584 /* Release */ = {
			isa = XCBuildConfiguration;
			baseConfigurationReference = 3DC83A24A7217B78C4DFECF2 /* Pods-MealJournalTests.release.xcconfig */;
			buildSettings = {
				ALWAYS_EMBED_SWIFT_STANDARD_LIBRARIES = YES;
				BUNDLE_LOADER = "$(TEST_HOST)";
				CODE_SIGN_STYLE = Automatic;
				CURRENT_PROJECT_VERSION = 1;
				GENERATE_INFOPLIST_FILE = YES;
				IPHONEOS_DEPLOYMENT_TARGET = 15.2;
				MARKETING_VERSION = 1.0;
				PRODUCT_BUNDLE_IDENTIFIER = app.MealJournalTests;
				PRODUCT_NAME = "$(TARGET_NAME)";
				SWIFT_EMIT_LOC_STRINGS = NO;
				SWIFT_VERSION = 5.0;
				TARGETED_DEVICE_FAMILY = "1,2";
				TEST_HOST = "$(BUILT_PRODUCTS_DIR)/MealJournal.app/MealJournal";
			};
			name = Release;
		};
		0A8F990827AB09AE008F5584 /* Debug */ = {
			isa = XCBuildConfiguration;
			baseConfigurationReference = 9ECDEFFE75C35781005879CF /* Pods-MealJournal-MealJournalUITests.debug.xcconfig */;
			buildSettings = {
				ALWAYS_EMBED_SWIFT_STANDARD_LIBRARIES = YES;
				CODE_SIGN_STYLE = Automatic;
				CURRENT_PROJECT_VERSION = 1;
				GENERATE_INFOPLIST_FILE = YES;
				MARKETING_VERSION = 1.0;
				PRODUCT_BUNDLE_IDENTIFIER = app.MealJournalUITests;
				PRODUCT_NAME = "$(TARGET_NAME)";
				SWIFT_EMIT_LOC_STRINGS = NO;
				SWIFT_VERSION = 5.0;
				TARGETED_DEVICE_FAMILY = "1,2";
				TEST_TARGET_NAME = MealJournal;
			};
			name = Debug;
		};
		0A8F990927AB09AE008F5584 /* Release */ = {
			isa = XCBuildConfiguration;
			baseConfigurationReference = 90A168E2D5DB83FF208BF303 /* Pods-MealJournal-MealJournalUITests.release.xcconfig */;
			buildSettings = {
				ALWAYS_EMBED_SWIFT_STANDARD_LIBRARIES = YES;
				CODE_SIGN_STYLE = Automatic;
				CURRENT_PROJECT_VERSION = 1;
				GENERATE_INFOPLIST_FILE = YES;
				MARKETING_VERSION = 1.0;
				PRODUCT_BUNDLE_IDENTIFIER = app.MealJournalUITests;
				PRODUCT_NAME = "$(TARGET_NAME)";
				SWIFT_EMIT_LOC_STRINGS = NO;
				SWIFT_VERSION = 5.0;
				TARGETED_DEVICE_FAMILY = "1,2";
				TEST_TARGET_NAME = MealJournal;
			};
			name = Release;
		};
/* End XCBuildConfiguration section */

/* Begin XCConfigurationList section */
		0A8F98D827AB09AE008F5584 /* Build configuration list for PBXProject "MealJournal" */ = {
			isa = XCConfigurationList;
			buildConfigurations = (
				0A8F98FF27AB09AE008F5584 /* Debug */,
				0A8F990027AB09AE008F5584 /* Release */,
			);
			defaultConfigurationIsVisible = 0;
			defaultConfigurationName = Release;
		};
		0A8F990127AB09AE008F5584 /* Build configuration list for PBXNativeTarget "MealJournal" */ = {
			isa = XCConfigurationList;
			buildConfigurations = (
				0A8F990227AB09AE008F5584 /* Debug */,
				0A8F990327AB09AE008F5584 /* Release */,
			);
			defaultConfigurationIsVisible = 0;
			defaultConfigurationName = Release;
		};
		0A8F990427AB09AE008F5584 /* Build configuration list for PBXNativeTarget "MealJournalTests" */ = {
			isa = XCConfigurationList;
			buildConfigurations = (
				0A8F990527AB09AE008F5584 /* Debug */,
				0A8F990627AB09AE008F5584 /* Release */,
			);
			defaultConfigurationIsVisible = 0;
			defaultConfigurationName = Release;
		};
		0A8F990727AB09AE008F5584 /* Build configuration list for PBXNativeTarget "MealJournalUITests" */ = {
			isa = XCConfigurationList;
			buildConfigurations = (
				0A8F990827AB09AE008F5584 /* Debug */,
				0A8F990927AB09AE008F5584 /* Release */,
			);
			defaultConfigurationIsVisible = 0;
			defaultConfigurationName = Release;
		};
/* End XCConfigurationList section */

/* Begin XCRemoteSwiftPackageReference section */
		0A07D95E28480A130080A4ED /* XCRemoteSwiftPackageReference "SDWebImageSwiftUI" */ = {
			isa = XCRemoteSwiftPackageReference;
			repositoryURL = "https://github.com/SDWebImage/SDWebImageSwiftUI";
			requirement = {
				kind = upToNextMajorVersion;
				minimumVersion = 2.0.0;
			};
		};
		0A6A687D284577210047CFB9 /* XCRemoteSwiftPackageReference "firebase-ios-sdk" */ = {
			isa = XCRemoteSwiftPackageReference;
			repositoryURL = "https://github.com/firebase/firebase-ios-sdk.git";
			requirement = {
				branch = master;
				kind = branch;
			};
		};
/* End XCRemoteSwiftPackageReference section */

/* Begin XCSwiftPackageProductDependency section */
		0A07D95F28480A140080A4ED /* SDWebImageSwiftUI */ = {
			isa = XCSwiftPackageProductDependency;
			package = 0A07D95E28480A130080A4ED /* XCRemoteSwiftPackageReference "SDWebImageSwiftUI" */;
			productName = SDWebImageSwiftUI;
		};
		0A6A687E284577210047CFB9 /* FirebaseAuth */ = {
			isa = XCSwiftPackageProductDependency;
			package = 0A6A687D284577210047CFB9 /* XCRemoteSwiftPackageReference "firebase-ios-sdk" */;
			productName = FirebaseAuth;
		};
		0A6A6880284577210047CFB9 /* FirebaseFirestore */ = {
			isa = XCSwiftPackageProductDependency;
			package = 0A6A687D284577210047CFB9 /* XCRemoteSwiftPackageReference "firebase-ios-sdk" */;
			productName = FirebaseFirestore;
		};
		0A6A6882284577210047CFB9 /* FirebaseStorage */ = {
			isa = XCSwiftPackageProductDependency;
			package = 0A6A687D284577210047CFB9 /* XCRemoteSwiftPackageReference "firebase-ios-sdk" */;
			productName = FirebaseStorage;
		};
/* End XCSwiftPackageProductDependency section */

/* Begin XCVersionGroup section */
		0AC1B7B927D8F5430070895D /* UserData.xcdatamodeld */ = {
			isa = XCVersionGroup;
			children = (
				0AC1B7BA27D8F5430070895D /* Users.xcdatamodel */,
			);
			currentVersion = 0AC1B7BA27D8F5430070895D /* Users.xcdatamodel */;
			path = UserData.xcdatamodeld;
			sourceTree = "<group>";
			versionGroupType = wrapper.xcdatamodel;
		};
/* End XCVersionGroup section */
	};
	rootObject = 0A8F98D527AB09AE008F5584 /* Project object */;
}
